
Microsoft Visual Studio Solution File, Format Version 12.00
# Visual Studio Version 16
VisualStudioVersion = 16.0.30204.135
MinimumVisualStudioVersion = 10.0.40219.1
Project("{9A19103F-16F7-4668-BE54-9A1E7A4F7556}") = "WebStore", "WebStore\WebStore.csproj", "{B502168C-6D9F-464B-96CD-A70F53CBA0BD}"
EndProject
Project("{9A19103F-16F7-4668-BE54-9A1E7A4F7556}") = "Webstore.Domain", "Webstore.Domain\Webstore.Domain.csproj", "{F8D311D4-D2AA-4B28-833D-3F9D0FA13493}"
EndProject
Project("{FAE04EC0-301F-11D3-BF4B-00C04F79EFBC}") = "WebStore.DAL", "WebStore.DAL\WebStore.DAL.csproj", "{773548F8-016A-4D50-ABE2-534294F85BAB}"
EndProject
Global
	GlobalSection(SolutionConfigurationPlatforms) = preSolution
		Debug|Any CPU = Debug|Any CPU
		Release|Any CPU = Release|Any CPU
	EndGlobalSection
	GlobalSection(ProjectConfigurationPlatforms) = postSolution
		{B502168C-6D9F-464B-96CD-A70F53CBA0BD}.Debug|Any CPU.ActiveCfg = Debug|Any CPU
		{B502168C-6D9F-464B-96CD-A70F53CBA0BD}.Debug|Any CPU.Build.0 = Debug|Any CPU
		{B502168C-6D9F-464B-96CD-A70F53CBA0BD}.Release|Any CPU.ActiveCfg = Release|Any CPU
		{B502168C-6D9F-464B-96CD-A70F53CBA0BD}.Release|Any CPU.Build.0 = Release|Any CPU
		{F8D311D4-D2AA-4B28-833D-3F9D0FA13493}.Debug|Any CPU.ActiveCfg = Debug|Any CPU
		{F8D311D4-D2AA-4B28-833D-3F9D0FA13493}.Debug|Any CPU.Build.0 = Debug|Any CPU
		{F8D311D4-D2AA-4B28-833D-3F9D0FA13493}.Release|Any CPU.ActiveCfg = Release|Any CPU
		{F8D311D4-D2AA-4B28-833D-3F9D0FA13493}.Release|Any CPU.Build.0 = Release|Any CPU
		{773548F8-016A-4D50-ABE2-534294F85BAB}.Debug|Any CPU.ActiveCfg = Debug|Any CPU
		{773548F8-016A-4D50-ABE2-534294F85BAB}.Debug|Any CPU.Build.0 = Debug|Any CPU
		{773548F8-016A-4D50-ABE2-534294F85BAB}.Release|Any CPU.ActiveCfg = Release|Any CPU
		{773548F8-016A-4D50-ABE2-534294F85BAB}.Release|Any CPU.Build.0 = Release|Any CPU
	EndGlobalSection
	GlobalSection(SolutionProperties) = preSolution
		HideSolutionNode = FALSE
	EndGlobalSection
	GlobalSection(ExtensibilityGlobals) = postSolution
		SolutionGuid = {7FF5034B-3D7C-4F44-8738-0133F64F5E2A}
	EndGlobalSection
EndGlobal
